
Microsoft Visual Studio Solution File, Format Version 12.00
# Visual Studio Version 17
VisualStudioVersion = 17.0.31903.59
MinimumVisualStudioVersion = 10.0.40219.1
Project("{2150E333-8FDC-42A3-9474-1A3956D46DE8}") = "src", "src", "{52A86883-EA0B-4962-8B04-921CF51C9B3A}"
EndProject
Project("{FAE04EC0-301F-11D3-BF4B-00C04F79EFBC}") = "LabDesktop.Client.Core", "src\LabDesktop.Client.Core\LabDesktop.Client.Core.csproj", "{386AADBD-D9C5-407A-A2A4-B80D572D5AEE}"
EndProject
Project("{FAE04EC0-301F-11D3-BF4B-00C04F79EFBC}") = "LabDesktop.Client.App", "src\LabDesktop.Client.App\LabDesktop.Client.App.csproj", "{98CD91D7-ACAD-4CFC-B411-45092B68D01F}"
EndProject
Project("{2150E333-8FDC-42A3-9474-1A3956D46DE8}") = "tests", "tests", "{AD1C9124-BB82-4E95-83BF-C4ED8F22E73B}"
EndProject
Project("{FAE04EC0-301F-11D3-BF4B-00C04F79EFBC}") = "LabDesktop.Client.Core.Tests", "tests\LabDesktop.Client.Core.Tests\LabDesktop.Client.Core.Tests.csproj", "{90EF34BF-6BAD-4B08-BF50-9CA82446D6AE}"
EndProject
Global
	GlobalSection(SolutionConfigurationPlatforms) = preSolution
		Debug|Any CPU = Debug|Any CPU
		Release|Any CPU = Release|Any CPU
	EndGlobalSection
	GlobalSection(SolutionProperties) = preSolution
		HideSolutionNode = FALSE
	EndGlobalSection
	GlobalSection(ProjectConfigurationPlatforms) = postSolution
		{386AADBD-D9C5-407A-A2A4-B80D572D5AEE}.Debug|Any CPU.ActiveCfg = Debug|Any CPU
		{386AADBD-D9C5-407A-A2A4-B80D572D5AEE}.Debug|Any CPU.Build.0 = Debug|Any CPU
		{386AADBD-D9C5-407A-A2A4-B80D572D5AEE}.Release|Any CPU.ActiveCfg = Release|Any CPU
		{386AADBD-D9C5-407A-A2A4-B80D572D5AEE}.Release|Any CPU.Build.0 = Release|Any CPU
		{98CD91D7-ACAD-4CFC-B411-45092B68D01F}.Debug|Any CPU.ActiveCfg = Debug|Any CPU
		{98CD91D7-ACAD-4CFC-B411-45092B68D01F}.Debug|Any CPU.Build.0 = Debug|Any CPU
		{98CD91D7-ACAD-4CFC-B411-45092B68D01F}.Release|Any CPU.ActiveCfg = Release|Any CPU
		{98CD91D7-ACAD-4CFC-B411-45092B68D01F}.Release|Any CPU.Build.0 = Release|Any CPU
		{90EF34BF-6BAD-4B08-BF50-9CA82446D6AE}.Debug|Any CPU.ActiveCfg = Debug|Any CPU
		{90EF34BF-6BAD-4B08-BF50-9CA82446D6AE}.Debug|Any CPU.Build.0 = Debug|Any CPU
		{90EF34BF-6BAD-4B08-BF50-9CA82446D6AE}.Release|Any CPU.ActiveCfg = Release|Any CPU
		{90EF34BF-6BAD-4B08-BF50-9CA82446D6AE}.Release|Any CPU.Build.0 = Release|Any CPU
	EndGlobalSection
	GlobalSection(NestedProjects) = preSolution
		{386AADBD-D9C5-407A-A2A4-B80D572D5AEE} = {52A86883-EA0B-4962-8B04-921CF51C9B3A}
		{98CD91D7-ACAD-4CFC-B411-45092B68D01F} = {52A86883-EA0B-4962-8B04-921CF51C9B3A}
		{90EF34BF-6BAD-4B08-BF50-9CA82446D6AE} = {AD1C9124-BB82-4E95-83BF-C4ED8F22E73B}
	EndGlobalSection
EndGlobal
